
Microsoft Visual Studio Solution File, Format Version 12.00
# Visual Studio Version 17
VisualStudioVersion = 17.4.33122.133
MinimumVisualStudioVersion = 10.0.40219.1
Project("{FAE04EC0-301F-11D3-BF4B-00C04F79EFBC}") = "Project.Work", "Project.Work\Project.Work.csproj", "{9DCB4B90-E093-4C55-9562-0DE298C316B1}"
EndProject
Global
	GlobalSection(SolutionConfigurationPlatforms) = preSolution
		Debug|Any CPU = Debug|Any CPU
		Release|Any CPU = Release|Any CPU
	EndGlobalSection
	GlobalSection(ProjectConfigurationPlatforms) = postSolution
		{9DCB4B90-E093-4C55-9562-0DE298C316B1}.Debug|Any CPU.ActiveCfg = Debug|Any CPU
		{9DCB4B90-E093-4C55-9562-0DE298C316B1}.Debug|Any CPU.Build.0 = Debug|Any CPU
		{9DCB4B90-E093-4C55-9562-0DE298C316B1}.Release|Any CPU.ActiveCfg = Release|Any CPU
		{9DCB4B90-E093-4C55-9562-0DE298C316B1}.Release|Any CPU.Build.0 = Release|Any CPU
	EndGlobalSection
	GlobalSection(SolutionProperties) = preSolution
		HideSolutionNode = FALSE
	EndGlobalSection
	GlobalSection(ExtensibilityGlobals) = postSolution
		SolutionGuid = {76F1182E-A98A-4C8D-B18B-72DF08316A54}
	EndGlobalSection
EndGlobal
